
Microsoft Visual Studio Solution File, Format Version 12.00
# Visual Studio 14
VisualStudioVersion = 14.0.25420.1
MinimumVisualStudioVersion = 10.0.40219.1
Project("{FAE04EC0-301F-11D3-BF4B-00C04F79EFBC}") = "NielsSchmidtWebsite", "NielsSchmidtWebsite\NielsSchmidtWebsite.csproj", "{9F895EDB-E6EB-4A63-A471-96BFC4BA2966}"
EndProject
Project("{FAE04EC0-301F-11D3-BF4B-00C04F79EFBC}") = "NS-Web-v2", "NS-Web-v2\NS-Web-v2.csproj", "{97D25468-DF53-4EA1-A658-BE08D0D9D5C1}"
EndProject
Global
	GlobalSection(SolutionConfigurationPlatforms) = preSolution
		Debug|Any CPU = Debug|Any CPU
		Release|Any CPU = Release|Any CPU
	EndGlobalSection
	GlobalSection(ProjectConfigurationPlatforms) = postSolution
		{9F895EDB-E6EB-4A63-A471-96BFC4BA2966}.Debug|Any CPU.ActiveCfg = Debug|Any CPU
		{9F895EDB-E6EB-4A63-A471-96BFC4BA2966}.Debug|Any CPU.Build.0 = Debug|Any CPU
		{9F895EDB-E6EB-4A63-A471-96BFC4BA2966}.Release|Any CPU.ActiveCfg = Release|Any CPU
		{9F895EDB-E6EB-4A63-A471-96BFC4BA2966}.Release|Any CPU.Build.0 = Release|Any CPU
		{97D25468-DF53-4EA1-A658-BE08D0D9D5C1}.Debug|Any CPU.ActiveCfg = Debug|Any CPU
		{97D25468-DF53-4EA1-A658-BE08D0D9D5C1}.Debug|Any CPU.Build.0 = Debug|Any CPU
		{97D25468-DF53-4EA1-A658-BE08D0D9D5C1}.Release|Any CPU.ActiveCfg = Release|Any CPU
		{97D25468-DF53-4EA1-A658-BE08D0D9D5C1}.Release|Any CPU.Build.0 = Release|Any CPU
	EndGlobalSection
	GlobalSection(SolutionProperties) = preSolution
		HideSolutionNode = FALSE
	EndGlobalSection
EndGlobal
